
Microsoft Visual Studio Solution File, Format Version 12.00
# Visual Studio 15
VisualStudioVersion = 15.0.27428.2005
MinimumVisualStudioVersion = 10.0.40219.1
Project("{8BC9CEB8-8B4A-11D0-8D11-00A0C91BC942}") = "cpp-com-stack", "cpp-com-stack\cpp-com-stack.vcxproj", "{4A4BAA6D-6C14-4243-96F3-7538CD29BE7B}"
EndProject
Project("{8BC9CEB8-8B4A-11D0-8D11-00A0C91BC942}") = "typeLibRegister", "typeLibRegister\typeLibRegister.vcxproj", "{4CB1B9C2-D5A5-4A3B-A0A3-E7E92816E85B}"
EndProject
Project("{8BC9CEB8-8B4A-11D0-8D11-00A0C91BC942}") = "client", "client\client.vcxproj", "{A6DB6504-5057-4993-9499-F77631BC0E11}"
EndProject
Project("{FAE04EC0-301F-11D3-BF4B-00C04F79EFBC}") = "clientCS", "clientCS\clientCS.csproj", "{9E92EE1B-5E47-433D-9587-4DCA3CFF6E03}"
EndProject
Global
	GlobalSection(SolutionConfigurationPlatforms) = preSolution
		Debug|Any CPU = Debug|Any CPU
		Debug|x64 = Debug|x64
		Debug|x86 = Debug|x86
		Release|Any CPU = Release|Any CPU
		Release|x64 = Release|x64
		Release|x86 = Release|x86
	EndGlobalSection
	GlobalSection(ProjectConfigurationPlatforms) = postSolution
		{4A4BAA6D-6C14-4243-96F3-7538CD29BE7B}.Debug|Any CPU.ActiveCfg = Debug|Win32
		{4A4BAA6D-6C14-4243-96F3-7538CD29BE7B}.Debug|x64.ActiveCfg = Debug|x64
		{4A4BAA6D-6C14-4243-96F3-7538CD29BE7B}.Debug|x64.Build.0 = Debug|x64
		{4A4BAA6D-6C14-4243-96F3-7538CD29BE7B}.Debug|x86.ActiveCfg = Debug|Win32
		{4A4BAA6D-6C14-4243-96F3-7538CD29BE7B}.Debug|x86.Build.0 = Debug|Win32
		{4A4BAA6D-6C14-4243-96F3-7538CD29BE7B}.Release|Any CPU.ActiveCfg = Release|Win32
		{4A4BAA6D-6C14-4243-96F3-7538CD29BE7B}.Release|x64.ActiveCfg = Release|x64
		{4A4BAA6D-6C14-4243-96F3-7538CD29BE7B}.Release|x64.Build.0 = Release|x64
		{4A4BAA6D-6C14-4243-96F3-7538CD29BE7B}.Release|x86.ActiveCfg = Release|Win32
		{4A4BAA6D-6C14-4243-96F3-7538CD29BE7B}.Release|x86.Build.0 = Release|Win32
		{4CB1B9C2-D5A5-4A3B-A0A3-E7E92816E85B}.Debug|Any CPU.ActiveCfg = Debug|Win32
		{4CB1B9C2-D5A5-4A3B-A0A3-E7E92816E85B}.Debug|x64.ActiveCfg = Debug|x64
		{4CB1B9C2-D5A5-4A3B-A0A3-E7E92816E85B}.Debug|x64.Build.0 = Debug|x64
		{4CB1B9C2-D5A5-4A3B-A0A3-E7E92816E85B}.Debug|x86.ActiveCfg = Debug|Win32
		{4CB1B9C2-D5A5-4A3B-A0A3-E7E92816E85B}.Debug|x86.Build.0 = Debug|Win32
		{4CB1B9C2-D5A5-4A3B-A0A3-E7E92816E85B}.Release|Any CPU.ActiveCfg = Release|Win32
		{4CB1B9C2-D5A5-4A3B-A0A3-E7E92816E85B}.Release|x64.ActiveCfg = Release|x64
		{4CB1B9C2-D5A5-4A3B-A0A3-E7E92816E85B}.Release|x64.Build.0 = Release|x64
		{4CB1B9C2-D5A5-4A3B-A0A3-E7E92816E85B}.Release|x86.ActiveCfg = Release|Win32
		{4CB1B9C2-D5A5-4A3B-A0A3-E7E92816E85B}.Release|x86.Build.0 = Release|Win32
		{A6DB6504-5057-4993-9499-F77631BC0E11}.Debug|Any CPU.ActiveCfg = Debug|Win32
		{A6DB6504-5057-4993-9499-F77631BC0E11}.Debug|x64.ActiveCfg = Debug|x64
		{A6DB6504-5057-4993-9499-F77631BC0E11}.Debug|x64.Build.0 = Debug|x64
		{A6DB6504-5057-4993-9499-F77631BC0E11}.Debug|x86.ActiveCfg = Debug|Win32
		{A6DB6504-5057-4993-9499-F77631BC0E11}.Debug|x86.Build.0 = Debug|Win32
		{A6DB6504-5057-4993-9499-F77631BC0E11}.Release|Any CPU.ActiveCfg = Release|Win32
		{A6DB6504-5057-4993-9499-F77631BC0E11}.Release|x64.ActiveCfg = Release|x64
		{A6DB6504-5057-4993-9499-F77631BC0E11}.Release|x64.Build.0 = Release|x64
		{A6DB6504-5057-4993-9499-F77631BC0E11}.Release|x86.ActiveCfg = Release|Win32
		{A6DB6504-5057-4993-9499-F77631BC0E11}.Release|x86.Build.0 = Release|Win32
		{9E92EE1B-5E47-433D-9587-4DCA3CFF6E03}.Debug|Any CPU.ActiveCfg = Debug|Any CPU
		{9E92EE1B-5E47-433D-9587-4DCA3CFF6E03}.Debug|Any CPU.Build.0 = Debug|Any CPU
		{9E92EE1B-5E47-433D-9587-4DCA3CFF6E03}.Debug|x64.ActiveCfg = Debug|Any CPU
		{9E92EE1B-5E47-433D-9587-4DCA3CFF6E03}.Debug|x64.Build.0 = Debug|Any CPU
		{9E92EE1B-5E47-433D-9587-4DCA3CFF6E03}.Debug|x86.ActiveCfg = Debug|Any CPU
		{9E92EE1B-5E47-433D-9587-4DCA3CFF6E03}.Debug|x86.Build.0 = Debug|Any CPU
		{9E92EE1B-5E47-433D-9587-4DCA3CFF6E03}.Release|Any CPU.ActiveCfg = Release|Any CPU
		{9E92EE1B-5E47-433D-9587-4DCA3CFF6E03}.Release|Any CPU.Build.0 = Release|Any CPU
		{9E92EE1B-5E47-433D-9587-4DCA3CFF6E03}.Release|x64.ActiveCfg = Release|Any CPU
		{9E92EE1B-5E47-433D-9587-4DCA3CFF6E03}.Release|x64.Build.0 = Release|Any CPU
		{9E92EE1B-5E47-433D-9587-4DCA3CFF6E03}.Release|x86.ActiveCfg = Release|Any CPU
		{9E92EE1B-5E47-433D-9587-4DCA3CFF6E03}.Release|x86.Build.0 = Release|Any CPU
	EndGlobalSection
	GlobalSection(SolutionProperties) = preSolution
		HideSolutionNode = FALSE
	EndGlobalSection
	GlobalSection(ExtensibilityGlobals) = postSolution
		SolutionGuid = {034D805D-603C-4C2D-81F2-6DCD15EC5AC0}
	EndGlobalSection
EndGlobal
